{
  "name": "tabela-opto",
  "version": "0.1.0",
  "lockfileVersion": 3,
  "requires": true,
  "packages": {
    "": {
      "name": "tabela-opto",
      "version": "0.1.0",
      "devDependencies": {
        "@tauri-apps/cli": "^2",
        "supabase": "^2.118.0"
      }
    },
    "node_modules/@ecies/ciphers": {
      "version": "0.2.6",
      "resolved": "https://registry.npmjs.org/@ecies/ciphers/-/ciphers-0.2.6.tgz",
      "integrity": "sha512-patgsRPKGkhhoBjETV4XxD0En4ui5fbX0hzayqI3M8tvNMGUoUvmyYAIWwlxBc1KX5cturfqByYdj5bYGRpN9g==",
      "dev": true,
      "license": "MIT",
      "engines": {
        "bun": ">=1",
        "deno": ">=2.7.10",
        "node": ">=16"
      },
      "peerDependencies": {
        "@noble/ciphers": "^1.0.0"
      }
    },
    "node_modules/@noble/ciphers": {
      "version": "1.3.0",
      "resolved": "https://registry.npmjs.org/@noble/ciphers/-/ciphers-1.3.0.tgz",
      "integrity": "sha512-2I0gnIVPtfnMw9ee9h1dJG7tp81+8Ob3OJb3Mv37rx5L40/b0i7djjCVvGOVqc9AEIQyvyu1i6ypKdFw8R8gQw==",
      "dev": true,
      "license": "MIT",
      "engines": {
        "node": "^14.21.3 || >=16"
      },
      "funding": {
        "url": "https://paulmillr.com/funding/"
      }
    },
    "node_modules/@noble/curves": {
      "version": "1.9.7",
      "resolved": "https://registry.npmjs.org/@noble/curves/-/curves-1.9.7.tgz",
      "integrity": "sha512-gbKGcRUYIjA3/zCCNaWDciTMFI0dCkvou3TL8Zmy5Nc7sJ47a0jtOeZoTaMxkuqRo9cRhjOdZJXegxYE5FN/xw==",
      "dev": true,
      "license": "MIT",
      "dependencies": {
        "@noble/hashes": "1.8.0"
      },
      "engines": {
        "node": "^14.21.3 || >=16"
      },
      "funding": {
        "url": "https://paulmillr.com/funding/"
      }
    },
    "node_modules/@noble/hashes": {
      "version": "1.8.0",
      "resolved": "https://registry.npmjs.org/@noble/hashes/-/hashes-1.8.0.tgz",
      "integrity": "sha512-jCs9ldd7NwzpgXDIf6P3+NrHh9/sD6CQdxHyjQI+h/6rDNo88ypBxxz45UDuZHz9r3tNz7N/VInSVoVdtXEI4A==",
      "dev": true,
      "license": "MIT",
      "engines": {
        "node": "^14.21.3 || >=16"
      },
      "funding": {
        "url": "https://paulmillr.com/funding/"
      }
    },
    "node_modules/@supabase/cli-darwin-arm64": {
      "version": "2.118.0",
      "resolved": "https://registry.npmjs.org/@supabase/cli-darwin-arm64/-/cli-darwin-arm64-2.118.0.tgz",
      "integrity": "sha512-48W7wkHIVNgwSz4zr+xsC94la1PytCpudOw5w9qJWAISyBWRXMFBCEMb9aVIEG8S9OcLb4X1KZy4PPA/T+f7NQ==",
      "cpu": [
        "arm64"
      ],
      "dev": true,
      "license": "MIT",
      "optional": true,
      "os": [
        "darwin"
      ]
    },
    "node_modules/@supabase/cli-darwin-x64": {
      "version": "2.118.0",
      "resolved": "https://registry.npmjs.org/@supabase/cli-darwin-x64/-/cli-darwin-x64-2.118.0.tgz",
      "integrity": "sha512-r6z41S0ycJiy2cO6sbJA7kPCodpAus6b3Km+qyn2zYlnTLN0nbscYnKxrZf/rJNR+S+sdpOZXgdQjGc/z5jvXw==",
      "cpu": [
        "x64"
      ],
      "dev": true,
      "license": "MIT",
      "optional": true,
      "os": [
        "darwin"
      ]
    },
    "node_modules/@supabase/cli-linux-arm64": {
      "version": "2.118.0",
      "resolved": "https://registry.npmjs.org/@supabase/cli-linux-arm64/-/cli-linux-arm64-2.118.0.tgz",
      "integrity": "sha512-gYjOTnsYgwC68suoFALaXo87KvluXMjdWuo26a7hyD8vLeRJrmX+dpdxgegckQ7wxz8V1iotSBQU6Hd44FEDqw==",
      "cpu": [
        "arm64"
      ],
      "dev": true,
      "license": "MIT",
      "optional": true,
      "os": [
        "linux"
      ]
    },
    "node_modules/@supabase/cli-linux-arm64-musl": {
      "version": "2.118.0",
      "resolved": "https://registry.npmjs.org/@supabase/cli-linux-arm64-musl/-/cli-linux-arm64-musl-2.118.0.tgz",
      "integrity": "sha512-8yXIa+9g3FVVlnUAZ9wB1NEP6kvO0tpqQkDs3wqmb6btLD1MYosD/2/ZazSkpEHiKOwKUSymvUg0OgqI7a1gpw==",
      "cpu": [
        "arm64"
      ],
      "dev": true,
      "license": "MIT",
      "optional": true,
      "os": [
        "linux"
      ]
    },
    "node_modules/@supabase/cli-linux-x64": {
      "version": "2.118.0",
      "resolved": "https://registry.npmjs.org/@supabase/cli-linux-x64/-/cli-linux-x64-2.118.0.tgz",
      "integrity": "sha512-nHm27uv15iu4xIQZRC++CS4uKYU9HuFn9HiOf407620OQ3cCp70fLT59grFlYQ+bqM7Zrv/GmEZHdgR8UO65RA==",
      "cpu": [
        "x64"
      ],
      "dev": true,
      "license": "MIT",
      "optional": true,
      "os": [
        "linux"
      ]
    },
    "node_modules/@supabase/cli-linux-x64-musl": {
      "version": "2.118.0",
      "resolved": "https://registry.npmjs.org/@supabase/cli-linux-x64-musl/-/cli-linux-x64-musl-2.118.0.tgz",
      "integrity": "sha512-baHVTKJ8OehCXIt6pjHFRXofoUqQzve+43lRKKeVlcgDmgHHTTaF/wTpNvQ86IhoDRkiQTuHQkDG8I5GtHdvEA==",
      "cpu": [
        "x64"
      ],
      "dev": true,
      "license": "MIT",
      "optional": true,
      "os": [
        "linux"
      ]
    },
    "node_modules/@supabase/cli-windows-arm64": {
      "version": "2.118.0",
      "resolved": "https://registry.npmjs.org/@supabase/cli-windows-arm64/-/cli-windows-arm64-2.118.0.tgz",
      "integrity": "sha512-wd592HmQQ7DsGjnwDHILJfFlsRBQ8Q6wwjX5AXRmqznsj3NOPfFzZm2GtV8hJIj1Ttsf7B8N1DqW/0ta7kU4oQ==",
      "cpu": [
        "arm64"
      ],
      "dev": true,
      "license": "MIT",
      "optional": true,
      "os": [
        "win32"
      ]
    },
    "node_modules/@supabase/cli-windows-x64": {
      "version": "2.118.0",
      "resolved": "https://registry.npmjs.org/@supabase/cli-windows-x64/-/cli-windows-x64-2.118.0.tgz",
      "integrity": "sha512-qVAJL532b5pB8uJAPA/+3+wtwM/DX1GxwVLCSDmiT6wfUBD6OJcCYRXCEaUx0YjupyaDoPeuP4BF7IfkQTajww==",
      "cpu": [
        "x64"
      ],
      "dev": true,
      "license": "MIT",
      "optional": true,
      "os": [
        "win32"
      ]
    },
    "node_modules/@tauri-apps/cli": {
      "version": "2.12.0",
      "resolved": "https://registry.npmjs.org/@tauri-apps/cli/-/cli-2.12.0.tgz",
      "integrity": "sha512-GIShnAR4C16kSTA8NO02fo8fOw/I5z5sAUEB5S2HlPHFnBkbihL4c9a/MpkxOm1+q5S+tFd3X4QUjHWxfyGzpQ==",
      "dev": true,
      "license": "Apache-2.0 OR MIT",
      "bin": {
        "tauri": "tauri.js"
      },
      "engines": {
        "node": ">= 10"
      },
      "funding": {
        "type": "opencollective",
        "url": "https://opencollective.com/tauri"
      },
      "optionalDependencies": {
        "@tauri-apps/cli-darwin-arm64": "2.12.0",
        "@tauri-apps/cli-darwin-x64": "2.12.0",
        "@tauri-apps/cli-linux-arm-gnueabihf": "2.12.0",
        "@tauri-apps/cli-linux-arm64-gnu": "2.12.0",
        "@tauri-apps/cli-linux-arm64-musl": "2.12.0",
        "@tauri-apps/cli-linux-riscv64-gnu": "2.12.0",
        "@tauri-apps/cli-linux-x64-gnu": "2.12.0",
        "@tauri-apps/cli-linux-x64-musl": "2.12.0",
        "@tauri-apps/cli-win32-arm64-msvc": "2.12.0",
        "@tauri-apps/cli-win32-ia32-msvc": "2.12.0",
        "@tauri-apps/cli-win32-x64-msvc": "2.12.0"
      }
    },
    "node_modules/@tauri-apps/cli-darwin-arm64": {
      "version": "2.12.0",
      "resolved": "https://registry.npmjs.org/@tauri-apps/cli-darwin-arm64/-/cli-darwin-arm64-2.12.0.tgz",
      "integrity": "sha512-v5J+jISihLGtih1+3yWagbsL+5dbLZORu4vaSI0vhY0Heb+MAW+T/1s1RyKxrQrwEPGBG5kqwfDDTnSbmVkuqA==",
      "cpu": [
        "arm64"
      ],
      "dev": true,
      "license": "Apache-2.0 OR MIT",
      "optional": true,
      "os": [
        "darwin"
      ],
      "engines": {
        "node": ">= 10"
      }
    },
    "node_modules/@tauri-apps/cli-darwin-x64": {
      "version": "2.12.0",
      "resolved": "https://registry.npmjs.org/@tauri-apps/cli-darwin-x64/-/cli-darwin-x64-2.12.0.tgz",
      "integrity": "sha512-g27I07pfW/dMS8vcNqB9lamgKF0TqLlcy8e7t9qDGsB1iaeyjJWb2TgBF4tM9ZwLqPAZUXbsz28oXljO12WC4g==",
      "cpu": [
        "x64"
      ],
      "dev": true,
      "license": "Apache-2.0 OR MIT",
      "optional": true,
      "os": [
        "darwin"
      ],
      "engines": {
        "node": ">= 10"
      }
    },
    "node_modules/@tauri-apps/cli-linux-arm-gnueabihf": {
      "version": "2.12.0",
      "resolved": "https://registry.npmjs.org/@tauri-apps/cli-linux-arm-gnueabihf/-/cli-linux-arm-gnueabihf-2.12.0.tgz",
      "integrity": "sha512-gXyQ710fNc99YuxFxNyeX9PLSrIpbtgBBj7GQo9tSeRT6fIK40q3/gm7X5jqZo7mWLR2m0R/2ALd3vAWo0Z32Q==",
      "cpu": [
        "arm"
      ],
      "dev": true,
      "license": "Apache-2.0 OR MIT",
      "optional": true,
      "os": [
        "linux"
      ],
      "engines": {
        "node": ">= 10"
      }
    },
    "node_modules/@tauri-apps/cli-linux-arm64-gnu": {
      "version": "2.12.0",
      "resolved": "https://registry.npmjs.org/@tauri-apps/cli-linux-arm64-gnu/-/cli-linux-arm64-gnu-2.12.0.tgz",
      "integrity": "sha512-H9cyXuq9WgxoHh2NZ+R+oN+W78x5UwaBDEp0/fmqUUkaBoioCuOZErM9xKiIV6bpNAhmw1RoWZ49u37q/vaiAg==",
      "cpu": [
        "arm64"
      ],
      "dev": true,
      "license": "Apache-2.0 OR MIT",
      "optional": true,
      "os": [
        "linux"
      ],
      "engines": {
        "node": ">= 10"
      }
    },
    "node_modules/@tauri-apps/cli-linux-arm64-musl": {
      "version": "2.12.0",
      "resolved": "https://registry.npmjs.org/@tauri-apps/cli-linux-arm64-musl/-/cli-linux-arm64-musl-2.12.0.tgz",
      "integrity": "sha512-5tFuk3JKMBa1M/iN4gN32OYlSfhY3aqb5PO3zCugxaT+sfecyMKpc3EM9VDbhmwWBE9QD4Tfj7wGhlqx2yy2pQ==",
      "cpu": [
        "arm64"
      ],
      "dev": true,
      "license": "Apache-2.0 OR MIT",
      "optional": true,
      "os": [
        "linux"
      ],
      "engines": {
        "node": ">= 10"
      }
    },
    "node_modules/@tauri-apps/cli-linux-riscv64-gnu": {
      "version": "2.12.0",
      "resolved": "https://registry.npmjs.org/@tauri-apps/cli-linux-riscv64-gnu/-/cli-linux-riscv64-gnu-2.12.0.tgz",
      "integrity": "sha512-LOrMyV+nb7pKq8P0BZtTBQuyzm1ORjn16R9MlupmxuT5LqxtuYJlw3VMwbaeXCToJ8jbP5u9JnkfmbqDlvETXw==",
      "cpu": [
        "riscv64"
      ],
      "dev": true,
      "license": "Apache-2.0 OR MIT",
      "optional": true,
      "os": [
        "linux"
      ],
      "engines": {
        "node": ">= 10"
      }
    },
    "node_modules/@tauri-apps/cli-linux-x64-gnu": {
      "version": "2.12.0",
      "resolved": "https://registry.npmjs.org/@tauri-apps/cli-linux-x64-gnu/-/cli-linux-x64-gnu-2.12.0.tgz",
      "integrity": "sha512-aMIkI+X9qvD2+k80QZB3tuOYT41/cEheikC510CwAIZ31KLXORsRASYYzM4mi1/58ICmtzSLFhCC08keir7COw==",
      "cpu": [
        "x64"
      ],
      "dev": true,
      "license": "Apache-2.0 OR MIT",
      "optional": true,
      "os": [
        "linux"
      ],
      "engines": {
        "node": ">= 10"
      }
    },
    "node_modules/@tauri-apps/cli-linux-x64-musl": {
      "version": "2.12.0",
      "resolved": "https://registry.npmjs.org/@tauri-apps/cli-linux-x64-musl/-/cli-linux-x64-musl-2.12.0.tgz",
      "integrity": "sha512-9gl3NhUbfuGhSKjeGCypKSdtoezOQRcDUrkhTWtLQEjnajets6peO6NadgI2DF0OzbiiFOzrnnIGMwBS+Ap6Iw==",
      "cpu": [
        "x64"
      ],
      "dev": true,
      "license": "Apache-2.0 OR MIT",
      "optional": true,
      "os": [
        "linux"
      ],
      "engines": {
        "node": ">= 10"
      }
    },
    "node_modules/@tauri-apps/cli-win32-arm64-msvc": {
      "version": "2.12.0",
      "resolved": "https://registry.npmjs.org/@tauri-apps/cli-win32-arm64-msvc/-/cli-win32-arm64-msvc-2.12.0.tgz",
      "integrity": "sha512-1W+v86wsYLuyBDN0iDessD4CD9o+yNyO0m8Dp3+/vfjiZrJ/v7R7/aTRBeikaq2tLGgxeag0gxnFggBNBGw91A==",
      "cpu": [
        "arm64"
      ],
      "dev": true,
      "license": "Apache-2.0 OR MIT",
      "optional": true,
      "os": [
        "win32"
      ],
      "engines": {
        "node": ">= 10"
      }
    },
    "node_modules/@tauri-apps/cli-win32-ia32-msvc": {
      "version": "2.12.0",
      "resolved": "https://registry.npmjs.org/@tauri-apps/cli-win32-ia32-msvc/-/cli-win32-ia32-msvc-2.12.0.tgz",
      "integrity": "sha512-SsBjvq4f7YaBGqcWoE3cycoItPf0SrQeqFqWWgfxoeZWAIz01E31LDSeZ2p/etJiIY0R9oi045chkFfb0O7WGw==",
      "cpu": [
        "ia32"
      ],
      "dev": true,
      "license": "Apache-2.0 OR MIT",
      "optional": true,
      "os": [
        "win32"
      ],
      "engines": {
        "node": ">= 10"
      }
    },
    "node_modules/@tauri-apps/cli-win32-x64-msvc": {
      "version": "2.12.0",
      "resolved": "https://registry.npmjs.org/@tauri-apps/cli-win32-x64-msvc/-/cli-win32-x64-msvc-2.12.0.tgz",
      "integrity": "sha512-9zzDKYUH4TKKBgRdDdVQX8fiRO5gJ8hD1nGsHU9DOHG5Jpm3arjbu9Xg1frR20EusG3Sl8X0dppoO/4EoUXUGg==",
      "cpu": [
        "x64"
      ],
      "dev": true,
      "license": "Apache-2.0 OR MIT",
      "optional": true,
      "os": [
        "win32"
      ],
      "engines": {
        "node": ">= 10"
      }
    },
    "node_modules/eciesjs": {
      "version": "0.5.0",
      "resolved": "https://registry.npmjs.org/eciesjs/-/eciesjs-0.5.0.tgz",
      "integrity": "sha512-s0J9SEVYAEPg7J63GFMApLYzPH9VNIQIyC6s15JpnqVc0TqcKWdbgFlnAweEBRyMmko2dcs2sfC83Hj4J43tuA==",
      "dev": true,
      "license": "MIT",
      "dependencies": {
        "@ecies/ciphers": "^0.2.6",
        "@noble/ciphers": "^1.3.0",
        "@noble/curves": "^1.9.7",
        "@noble/hashes": "^1.8.0"
      },
      "engines": {
        "bun": ">=1",
        "deno": ">=2.7.10",
        "node": ">=16"
      }
    },
    "node_modules/jose": {
      "version": "6.2.12",
      "resolved": "https://registry.npmjs.org/jose/-/jose-6.2.12.tgz",
      "integrity": "sha512-9NiFmJEex0sy2Dk58j2UGBSHgUs2ypF9eZSu4L6vjOX3Dp96Sw1F3uL+H+D1sx02jZZdzUT0HgvCy59CuvXcWw==",
      "dev": true,
      "license": "MIT",
      "funding": {
        "url": "https://github.com/sponsors/panva"
      }
    },
    "node_modules/supabase": {
      "version": "2.118.0",
      "resolved": "https://registry.npmjs.org/supabase/-/supabase-2.118.0.tgz",
      "integrity": "sha512-0aPIlzBSBLwbJZCMZKD1QAwlc4xNnNvvk07QuSuuKBKzGLSeV3GovgTLlMKFTJ4JWfJubWF0URPLuPUr0kZr5g==",
      "dev": true,
      "license": "MIT",
      "dependencies": {
        "eciesjs": "^0.5.0",
        "jose": "^6.2.10"
      },
      "bin": {
        "supabase": "dist/supabase.js"
      },
      "optionalDependencies": {
        "@supabase/cli-darwin-arm64": "2.118.0",
        "@supabase/cli-darwin-x64": "2.118.0",
        "@supabase/cli-linux-arm64": "2.118.0",
        "@supabase/cli-linux-arm64-musl": "2.118.0",
        "@supabase/cli-linux-x64": "2.118.0",
        "@supabase/cli-linux-x64-musl": "2.118.0",
        "@supabase/cli-windows-arm64": "2.118.0",
        "@supabase/cli-windows-x64": "2.118.0"
      }
    }
  }
}
